<?xml version="1.0" encoding="UTF-8" standalone="yes" ?>
<CodeBlocks_project_file>
	<FileVersion major="1" minor="6" />
	<Project>
		<Option title="NodeNetwork" />
		<Option pch_mode="2" />
		<Option compiler="gcc" />
		<Build>
			<Target title="Debug">
				<Option output="bin/Debug/NodeNetwork" prefix_auto="1" extension_auto="1" />
				<Option object_output="obj/Debug/" />
				<Option type="1" />
				<Option compiler="gcc" />
				<Option parameters="1 0" />
				<Compiler>
					<Add option="-g" />
				</Compiler>
				<Linker>
					<Add option="-pthread" />
				</Linker>
			</Target>
			<Target title="Release">
				<Option output="bin/Release/NodeNetwork" prefix_auto="1" extension_auto="1" />
				<Option object_output="obj/Release/" />
				<Option type="1" />
				<Option compiler="gcc" />
				<Compiler>
					<Add option="-O2" />
				</Compiler>
				<Linker>
					<Add option="-s" />
				</Linker>
			</Target>
		</Build>
		<Compiler>
			<Add option="-Wall" />
			<Add option="-fexceptions" />
		</Compiler>
		<Unit filename="main.cpp" />
		<Unit filename="node/LAKNode.cpp" />
		<Unit filename="node/LAKNode.h" />
		<Unit filename="node/Node.cpp" />
		<Unit filename="node/Node.h" />
		<Unit filename="node/NodeNetwork.cpp" />
		<Unit filename="node/NodeNetwork.h" />
		<Unit filename="socket/ServerSocket.cpp" />
		<Unit filename="socket/ServerSocket.h" />
		<Unit filename="socket/ServerSocketEventListener.cpp" />
		<Unit filename="socket/ServerSocketEventListener.h" />
		<Unit filename="socket/Socket.cpp" />
		<Unit filename="socket/Socket.h" />
		<Unit filename="socket/SocketEventListener.cpp" />
		<Unit filename="socket/SocketEventListener.h" />
		<Unit filename="thread/MutexLock.cpp" />
		<Unit filename="thread/MutexLock.h" />
		<Unit filename="thread/Thread.cpp" />
		<Unit filename="thread/Thread.h" />
		<Extensions>
			<code_completion />
			<debugger />
		</Extensions>
	</Project>
</CodeBlocks_project_file>
